{
  "name": "browsernerd-gemini-extension",
  "version": "0.0.8",
  "lockfileVersion": 3,
  "requires": true,
  "packages": {
    "": {
      "name": "browsernerd-gemini-extension",
      "version": "0.0.8",
      "hasInstallScript": true,
      "license": "Apache-2.0",
      "bin": {
        "browsernerd": "bin/cli.js"
      }
    }
  }
}
